// !$*UTF8*$!
{
	archiveVersion = 1;
	classes = {
	};
	objectVersion = 51;
	objects = {

/* Begin PBXBuildFile section */
		1C696427F60AED4E8549356D /* Pods_MindValleyTask.framework in Frameworks */ = {isa = PBXBuildFile; fileRef = CE71920039B9DF9CA2197741 /* Pods_MindValleyTask.framework */; };
		24ADCBF749B7B7839199844E /* Pods_MindValleyTaskTests.framework in Frameworks */ = {isa = PBXBuildFile; fileRef = EBCF8BE955607464E4688E79 /* Pods_MindValleyTaskTests.framework */; };
		503A50C424508F06003291C2 /* Channels.json in Resources */ = {isa = PBXBuildFile; fileRef = 503A50C124508F06003291C2 /* Channels.json */; };
		503A50C524508F06003291C2 /* NewEpisodes.json in Resources */ = {isa = PBXBuildFile; fileRef = 503A50C224508F06003291C2 /* NewEpisodes.json */; };
		503A50C624508F06003291C2 /* Categories.json in Resources */ = {isa = PBXBuildFile; fileRef = 503A50C324508F06003291C2 /* Categories.json */; };
		506146C82442333E00A78409 /* AppDelegate.swift in Sources */ = {isa = PBXBuildFile; fileRef = 506146C72442333E00A78409 /* AppDelegate.swift */; };
		506146CA2442333E00A78409 /* SceneDelegate.swift in Sources */ = {isa = PBXBuildFile; fileRef = 506146C92442333E00A78409 /* SceneDelegate.swift */; };
		506146CF2442333E00A78409 /* Main.storyboard in Resources */ = {isa = PBXBuildFile; fileRef = 506146CD2442333E00A78409 /* Main.storyboard */; };
		506146D12442334900A78409 /* Assets.xcassets in Resources */ = {isa = PBXBuildFile; fileRef = 506146D02442334900A78409 /* Assets.xcassets */; };
		506146D42442334900A78409 /* LaunchScreen.storyboard in Resources */ = {isa = PBXBuildFile; fileRef = 506146D22442334900A78409 /* LaunchScreen.storyboard */; };
		506146DF2442334900A78409 /* MindValleyTaskTests.swift in Sources */ = {isa = PBXBuildFile; fileRef = 506146DE2442334900A78409 /* MindValleyTaskTests.swift */; };
		506146EA2442334900A78409 /* MindValleyTaskUITests.swift in Sources */ = {isa = PBXBuildFile; fileRef = 506146E92442334900A78409 /* MindValleyTaskUITests.swift */; };
		506146F92442339300A78409 /* README.md in Resources */ = {isa = PBXBuildFile; fileRef = 506146F82442339300A78409 /* README.md */; };
		506146FC2442374F00A78409 /* Base.swift in Sources */ = {isa = PBXBuildFile; fileRef = 506146FB2442374F00A78409 /* Base.swift */; };
		506146FF2442377B00A78409 /* DefaultError.swift in Sources */ = {isa = PBXBuildFile; fileRef = 506146FE2442377B00A78409 /* DefaultError.swift */; };
		50614703244237C900A78409 /* APIClient.swift in Sources */ = {isa = PBXBuildFile; fileRef = 50614702244237C900A78409 /* APIClient.swift */; };
		50614705244237DA00A78409 /* JSONDecoder.swift in Sources */ = {isa = PBXBuildFile; fileRef = 50614704244237DA00A78409 /* JSONDecoder.swift */; };
		506147072442381C00A78409 /* BaseNetwork.swift in Sources */ = {isa = PBXBuildFile; fileRef = 506147062442381C00A78409 /* BaseNetwork.swift */; };
		506147092442396A00A78409 /* BaseAPIClient.swift in Sources */ = {isa = PBXBuildFile; fileRef = 506147082442396A00A78409 /* BaseAPIClient.swift */; };
		5061470C244239A100A78409 /* SharedLogger.swift in Sources */ = {isa = PBXBuildFile; fileRef = 5061470B244239A100A78409 /* SharedLogger.swift */; };
		5061471024423A5D00A78409 /* Episodes.swift in Sources */ = {isa = PBXBuildFile; fileRef = 5061470F24423A5D00A78409 /* Episodes.swift */; };
		5061471224423B4000A78409 /* Categories.swift in Sources */ = {isa = PBXBuildFile; fileRef = 5061471124423B4000A78409 /* Categories.swift */; };
		5061471424423C3100A78409 /* Channels.swift in Sources */ = {isa = PBXBuildFile; fileRef = 5061471324423C3100A78409 /* Channels.swift */; };
		5061471624423C8400A78409 /* Shared.swift in Sources */ = {isa = PBXBuildFile; fileRef = 5061471524423C8400A78409 /* Shared.swift */; };
		5061471D24423FD800A78409 /* ChannelVC.swift in Sources */ = {isa = PBXBuildFile; fileRef = 5061471C24423FD800A78409 /* ChannelVC.swift */; };
		506147222442405200A78409 /* UITableView.swift in Sources */ = {isa = PBXBuildFile; fileRef = 506147212442405200A78409 /* UITableView.swift */; };
		506147242442410000A78409 /* ChannelViewModel.swift in Sources */ = {isa = PBXBuildFile; fileRef = 506147232442410000A78409 /* ChannelViewModel.swift */; };
		50745A8E244378B800BC74FB /* API.swift in Sources */ = {isa = PBXBuildFile; fileRef = 50745A8D244378B800BC74FB /* API.swift */; };
		50745A902443796E00BC74FB /* Constants.swift in Sources */ = {isa = PBXBuildFile; fileRef = 50745A8F2443796E00BC74FB /* Constants.swift */; };
		50745A9224437AC500BC74FB /* AppTestShared.swift in Sources */ = {isa = PBXBuildFile; fileRef = 50745A9124437AC500BC74FB /* AppTestShared.swift */; };
		50745A9624437DF000BC74FB /* CategoriesTableViewCell.swift in Sources */ = {isa = PBXBuildFile; fileRef = 50745A9424437DF000BC74FB /* CategoriesTableViewCell.swift */; };
		50745A9724437DF000BC74FB /* CategoriesTableViewCell.xib in Resources */ = {isa = PBXBuildFile; fileRef = 50745A9524437DF000BC74FB /* CategoriesTableViewCell.xib */; };
		50745AA6244380E400BC74FB /* Roboto-Light.ttf in Resources */ = {isa = PBXBuildFile; fileRef = 50745A9A244380E200BC74FB /* Roboto-Light.ttf */; };
		50745AA7244380E400BC74FB /* Roboto-BoldItalic.ttf in Resources */ = {isa = PBXBuildFile; fileRef = 50745A9B244380E200BC74FB /* Roboto-BoldItalic.ttf */; };
		50745AA8244380E400BC74FB /* Roboto-Black.ttf in Resources */ = {isa = PBXBuildFile; fileRef = 50745A9C244380E300BC74FB /* Roboto-Black.ttf */; };
		50745AA9244380E400BC74FB /* Roboto-Italic.ttf in Resources */ = {isa = PBXBuildFile; fileRef = 50745A9D244380E300BC74FB /* Roboto-Italic.ttf */; };
		50745AAA244380E400BC74FB /* Roboto-LightItalic.ttf in Resources */ = {isa = PBXBuildFile; fileRef = 50745A9E244380E300BC74FB /* Roboto-LightItalic.ttf */; };
		50745AAB244380E400BC74FB /* Roboto-MediumItalic.ttf in Resources */ = {isa = PBXBuildFile; fileRef = 50745A9F244380E300BC74FB /* Roboto-MediumItalic.ttf */; };
		50745AAC244380E400BC74FB /* Roboto-Bold.ttf in Resources */ = {isa = PBXBuildFile; fileRef = 50745AA0244380E300BC74FB /* Roboto-Bold.ttf */; };
		50745AAD244380E400BC74FB /* Roboto-Regular.ttf in Resources */ = {isa = PBXBuildFile; fileRef = 50745AA1244380E300BC74FB /* Roboto-Regular.ttf */; };
		50745AAE244380E400BC74FB /* Roboto-Thin.ttf in Resources */ = {isa = PBXBuildFile; fileRef = 50745AA2244380E300BC74FB /* Roboto-Thin.ttf */; };
		50745AAF244380E400BC74FB /* Roboto-ThinItalic.ttf in Resources */ = {isa = PBXBuildFile; fileRef = 50745AA3244380E300BC74FB /* Roboto-ThinItalic.ttf */; };
		50745AB0244380E400BC74FB /* Roboto-BlackItalic.ttf in Resources */ = {isa = PBXBuildFile; fileRef = 50745AA4244380E300BC74FB /* Roboto-BlackItalic.ttf */; };
		50745AB1244380E400BC74FB /* Roboto-Medium.ttf in Resources */ = {isa = PBXBuildFile; fileRef = 50745AA5244380E400BC74FB /* Roboto-Medium.ttf */; };
		50745AB3244380EA00BC74FB /* Theme.swift in Sources */ = {isa = PBXBuildFile; fileRef = 50745AB2244380EA00BC74FB /* Theme.swift */; };
		50745AB52443813300BC74FB /* FontExtension.swift in Sources */ = {isa = PBXBuildFile; fileRef = 50745AB42443813300BC74FB /* FontExtension.swift */; };
		50745AB82443819C00BC74FB /* NSObject.swift in Sources */ = {isa = PBXBuildFile; fileRef = 50745AB72443819C00BC74FB /* NSObject.swift */; };
		509A48AE244B732A0089E39F /* UICollectionView.swift in Sources */ = {isa = PBXBuildFile; fileRef = 509A48AD244B732A0089E39F /* UICollectionView.swift */; };
		509A48B2244B87C80089E39F /* HTTPStatusCode.swift in Sources */ = {isa = PBXBuildFile; fileRef = 509A48B1244B87C80089E39F /* HTTPStatusCode.swift */; };
		509A48B4244B87ED0089E39F /* ResponseDataFactory.swift in Sources */ = {isa = PBXBuildFile; fileRef = 509A48B3244B87ED0089E39F /* ResponseDataFactory.swift */; };
		509A48B6244B88110089E39F /* LocalServer.swift in Sources */ = {isa = PBXBuildFile; fileRef = 509A48B5244B88110089E39F /* LocalServer.swift */; };
		50B9299C2447DBB500299CC0 /* Notification.swift in Sources */ = {isa = PBXBuildFile; fileRef = 50B9299B2447DBB500299CC0 /* Notification.swift */; };
		50B9299E2447E53C00299CC0 /* UIImageView.swift in Sources */ = {isa = PBXBuildFile; fileRef = 50B9299D2447E53C00299CC0 /* UIImageView.swift */; };
		50CCA3542452E839001D2761 /* Array.swift in Sources */ = {isa = PBXBuildFile; fileRef = 50CCA3532452E839001D2761 /* Array.swift */; };
		50CCA3562453066D001D2761 /* UIView.swift in Sources */ = {isa = PBXBuildFile; fileRef = 50CCA3552453066D001D2761 /* UIView.swift */; };
		50FCC4DA2443859100B62E98 /* DefaultTheme.swift in Sources */ = {isa = PBXBuildFile; fileRef = 50FCC4D92443859100B62E98 /* DefaultTheme.swift */; };
		50FCC4DC244385C100B62E98 /* AppearenceProxyManager.swift in Sources */ = {isa = PBXBuildFile; fileRef = 50FCC4DB244385C100B62E98 /* AppearenceProxyManager.swift */; };
		50FCC4DF24438B1900B62E98 /* UILabel.swift in Sources */ = {isa = PBXBuildFile; fileRef = 50FCC4DE24438B1900B62E98 /* UILabel.swift */; };
		50FCC4E124438B8500B62E98 /* UIWindow.swift in Sources */ = {isa = PBXBuildFile; fileRef = 50FCC4E024438B8500B62E98 /* UIWindow.swift */; };
		50FCC4E52443C15600B62E98 /* EpisodesTableViewCell.swift in Sources */ = {isa = PBXBuildFile; fileRef = 50FCC4E32443C15600B62E98 /* EpisodesTableViewCell.swift */; };
		50FCC4E62443C15600B62E98 /* EpisodesTableViewCell.xib in Resources */ = {isa = PBXBuildFile; fileRef = 50FCC4E42443C15600B62E98 /* EpisodesTableViewCell.xib */; };
		50FCC4EB2443C1DD00B62E98 /* CategoriesCollectionViewCell.swift in Sources */ = {isa = PBXBuildFile; fileRef = 50FCC4E92443C1DD00B62E98 /* CategoriesCollectionViewCell.swift */; };
		50FCC4EC2443C1DD00B62E98 /* CategoriesCollectionViewCell.xib in Resources */ = {isa = PBXBuildFile; fileRef = 50FCC4EA2443C1DD00B62E98 /* CategoriesCollectionViewCell.xib */; };
		50FCC4EE2443C2C800B62E98 /* SharedTableViewCell.swift in Sources */ = {isa = PBXBuildFile; fileRef = 50FCC4ED2443C2C800B62E98 /* SharedTableViewCell.swift */; };
		50FCC4F22443C36400B62E98 /* MediaCollectionViewCell.swift in Sources */ = {isa = PBXBuildFile; fileRef = 50FCC4F02443C36400B62E98 /* MediaCollectionViewCell.swift */; };
		50FCC4F32443C36400B62E98 /* MediaCollectionViewCell.xib in Resources */ = {isa = PBXBuildFile; fileRef = 50FCC4F12443C36400B62E98 /* MediaCollectionViewCell.xib */; };
		50FCC4F72443CC0300B62E98 /* ChannelsTableViewCell.swift in Sources */ = {isa = PBXBuildFile; fileRef = 50FCC4F52443CC0300B62E98 /* ChannelsTableViewCell.swift */; };
		50FCC4F82443CC0300B62E98 /* ChannelsTableViewCell.xib in Resources */ = {isa = PBXBuildFile; fileRef = 50FCC4F62443CC0300B62E98 /* ChannelsTableViewCell.xib */; };
		9D02EEA1118BDD4005259EAF /* Pods_MindValleyTask_MindValleyTaskUITests.framework in Frameworks */ = {isa = PBXBuildFile; fileRef = 8C7AF0ABDEBE952477654D67 /* Pods_MindValleyTask_MindValleyTaskUITests.framework */; };
/* End PBXBuildFile section */

/* Begin PBXContainerItemProxy section */
		506146DB2442334900A78409 /* PBXContainerItemProxy */ = {
			isa = PBXContainerItemProxy;
			containerPortal = 506146BC2442333E00A78409 /* Project object */;
			proxyType = 1;
			remoteGlobalIDString = 506146C32442333E00A78409;
			remoteInfo = MindValleyTask;
		};
		506146E62442334900A78409 /* PBXContainerItemProxy */ = {
			isa = PBXContainerItemProxy;
			containerPortal = 506146BC2442333E00A78409 /* Project object */;
			proxyType = 1;
			remoteGlobalIDString = 506146C32442333E00A78409;
			remoteInfo = MindValleyTask;
		};
/* End PBXContainerItemProxy section */

/* Begin PBXFileReference section */
		13132F21520DB9711EB1BB4F /* Pods-MindValleyTask-MindValleyTaskUITests.release.xcconfig */ = {isa = PBXFileReference; includeInIndex = 1; lastKnownFileType = text.xcconfig; name = "Pods-MindValleyTask-MindValleyTaskUITests.release.xcconfig"; path = "Target Support Files/Pods-MindValleyTask-MindValleyTaskUITests/Pods-MindValleyTask-MindValleyTaskUITests.release.xcconfig"; sourceTree = "<group>"; };
		23E4EE2F0935E791005E8158 /* Pods-MindValleyTaskTests.debug.xcconfig */ = {isa = PBXFileReference; includeInIndex = 1; lastKnownFileType = text.xcconfig; name = "Pods-MindValleyTaskTests.debug.xcconfig"; path = "Target Support Files/Pods-MindValleyTaskTests/Pods-MindValleyTaskTests.debug.xcconfig"; sourceTree = "<group>"; };
		40AD829D4A49AA8D02BDA236 /* Pods-MindValleyTask.debug.xcconfig */ = {isa = PBXFileReference; includeInIndex = 1; lastKnownFileType = text.xcconfig; name = "Pods-MindValleyTask.debug.xcconfig"; path = "Target Support Files/Pods-MindValleyTask/Pods-MindValleyTask.debug.xcconfig"; sourceTree = "<group>"; };
		4390A2480D03B917F248D149 /* Pods-MindValleyTask-MindValleyTaskUITests.debug.xcconfig */ = {isa = PBXFileReference; includeInIndex = 1; lastKnownFileType = text.xcconfig; name = "Pods-MindValleyTask-MindValleyTaskUITests.debug.xcconfig"; path = "Target Support Files/Pods-MindValleyTask-MindValleyTaskUITests/Pods-MindValleyTask-MindValleyTaskUITests.debug.xcconfig"; sourceTree = "<group>"; };
		503A50C124508F06003291C2 /* Channels.json */ = {isa = PBXFileReference; fileEncoding = 4; lastKnownFileType = text.json; path = Channels.json; sourceTree = "<group>"; };
		503A50C224508F06003291C2 /* NewEpisodes.json */ = {isa = PBXFileReference; fileEncoding = 4; lastKnownFileType = text.json; path = NewEpisodes.json; sourceTree = "<group>"; };
		503A50C324508F06003291C2 /* Categories.json */ = {isa = PBXFileReference; fileEncoding = 4; lastKnownFileType = text.json; path = Categories.json; sourceTree = "<group>"; };
		506146C42442333E00A78409 /* MindValleyTask.app */ = {isa = PBXFileReference; explicitFileType = wrapper.application; includeInIndex = 0; path = MindValleyTask.app; sourceTree = BUILT_PRODUCTS_DIR; };
		506146C72442333E00A78409 /* AppDelegate.swift */ = {isa = PBXFileReference; lastKnownFileType = sourcecode.swift; path = AppDelegate.swift; sourceTree = "<group>"; };
		506146C92442333E00A78409 /* SceneDelegate.swift */ = {isa = PBXFileReference; lastKnownFileType = sourcecode.swift; path = SceneDelegate.swift; sourceTree = "<group>"; };
		506146CE2442333E00A78409 /* Base */ = {isa = PBXFileReference; lastKnownFileType = file.storyboard; name = Base; path = Base.lproj/Main.storyboard; sourceTree = "<group>"; };
		506146D02442334900A78409 /* Assets.xcassets */ = {isa = PBXFileReference; lastKnownFileType = folder.assetcatalog; path = Assets.xcassets; sourceTree = "<group>"; };
		506146D32442334900A78409 /* Base */ = {isa = PBXFileReference; lastKnownFileType = file.storyboard; name = Base; path = Base.lproj/LaunchScreen.storyboard; sourceTree = "<group>"; };
		506146D52442334900A78409 /* Info.plist */ = {isa = PBXFileReference; lastKnownFileType = text.plist.xml; path = Info.plist; sourceTree = "<group>"; };
		506146DA2442334900A78409 /* MindValleyTaskTests.xctest */ = {isa = PBXFileReference; explicitFileType = wrapper.cfbundle; includeInIndex = 0; path = MindValleyTaskTests.xctest; sourceTree = BUILT_PRODUCTS_DIR; };
		506146DE2442334900A78409 /* MindValleyTaskTests.swift */ = {isa = PBXFileReference; lastKnownFileType = sourcecode.swift; path = MindValleyTaskTests.swift; sourceTree = "<group>"; };
		506146E02442334900A78409 /* Info.plist */ = {isa = PBXFileReference; lastKnownFileType = text.plist.xml; path = Info.plist; sourceTree = "<group>"; };
		506146E52442334900A78409 /* MindValleyTaskUITests.xctest */ = {isa = PBXFileReference; explicitFileType = wrapper.cfbundle; includeInIndex = 0; path = MindValleyTaskUITests.xctest; sourceTree = BUILT_PRODUCTS_DIR; };
		506146E92442334900A78409 /* MindValleyTaskUITests.swift */ = {isa = PBXFileReference; lastKnownFileType = sourcecode.swift; path = MindValleyTaskUITests.swift; sourceTree = "<group>"; };
		506146EB2442334900A78409 /* Info.plist */ = {isa = PBXFileReference; lastKnownFileType = text.plist.xml; path = Info.plist; sourceTree = "<group>"; };
		506146F82442339300A78409 /* README.md */ = {isa = PBXFileReference; lastKnownFileType = net.daringfireball.markdown; path = README.md; sourceTree = "<group>"; };
		506146FB2442374F00A78409 /* Base.swift */ = {isa = PBXFileReference; lastKnownFileType = sourcecode.swift; path = Base.swift; sourceTree = "<group>"; };
		506146FE2442377B00A78409 /* DefaultError.swift */ = {isa = PBXFileReference; lastKnownFileType = sourcecode.swift; path = DefaultError.swift; sourceTree = "<group>"; };
		50614702244237C900A78409 /* APIClient.swift */ = {isa = PBXFileReference; lastKnownFileType = sourcecode.swift; path = APIClient.swift; sourceTree = "<group>"; };
		50614704244237DA00A78409 /* JSONDecoder.swift */ = {isa = PBXFileReference; lastKnownFileType = sourcecode.swift; path = JSONDecoder.swift; sourceTree = "<group>"; };
		506147062442381C00A78409 /* BaseNetwork.swift */ = {isa = PBXFileReference; lastKnownFileType = sourcecode.swift; path = BaseNetwork.swift; sourceTree = "<group>"; };
		506147082442396A00A78409 /* BaseAPIClient.swift */ = {isa = PBXFileReference; lastKnownFileType = sourcecode.swift; path = BaseAPIClient.swift; sourceTree = "<group>"; };
		5061470B244239A100A78409 /* SharedLogger.swift */ = {isa = PBXFileReference; lastKnownFileType = sourcecode.swift; path = SharedLogger.swift; sourceTree = "<group>"; };
		5061470F24423A5D00A78409 /* Episodes.swift */ = {isa = PBXFileReference; lastKnownFileType = sourcecode.swift; path = Episodes.swift; sourceTree = "<group>"; };
		5061471124423B4000A78409 /* Categories.swift */ = {isa = PBXFileReference; lastKnownFileType = sourcecode.swift; path = Categories.swift; sourceTree = "<group>"; };
		5061471324423C3100A78409 /* Channels.swift */ = {isa = PBXFileReference; lastKnownFileType = sourcecode.swift; path = Channels.swift; sourceTree = "<group>"; };
		5061471524423C8400A78409 /* Shared.swift */ = {isa = PBXFileReference; lastKnownFileType = sourcecode.swift; path = Shared.swift; sourceTree = "<group>"; };
		5061471C24423FD800A78409 /* ChannelVC.swift */ = {isa = PBXFileReference; lastKnownFileType = sourcecode.swift; path = ChannelVC.swift; sourceTree = "<group>"; };
		506147212442405200A78409 /* UITableView.swift */ = {isa = PBXFileReference; lastKnownFileType = sourcecode.swift; path = UITableView.swift; sourceTree = "<group>"; };
		506147232442410000A78409 /* ChannelViewModel.swift */ = {isa = PBXFileReference; lastKnownFileType = sourcecode.swift; path = ChannelViewModel.swift; sourceTree = "<group>"; };
		50745A8D244378B800BC74FB /* API.swift */ = {isa = PBXFileReference; lastKnownFileType = sourcecode.swift; path = API.swift; sourceTree = "<group>"; };
		50745A8F2443796E00BC74FB /* Constants.swift */ = {isa = PBXFileReference; lastKnownFileType = sourcecode.swift; path = Constants.swift; sourceTree = "<group>"; };
		50745A9124437AC500BC74FB /* AppTestShared.swift */ = {isa = PBXFileReference; lastKnownFileType = sourcecode.swift; path = AppTestShared.swift; sourceTree = "<group>"; };
		50745A9424437DF000BC74FB /* CategoriesTableViewCell.swift */ = {isa = PBXFileReference; lastKnownFileType = sourcecode.swift; path = CategoriesTableViewCell.swift; sourceTree = "<group>"; };
		50745A9524437DF000BC74FB /* CategoriesTableViewCell.xib */ = {isa = PBXFileReference; lastKnownFileType = file.xib; path = CategoriesTableViewCell.xib; sourceTree = "<group>"; };
		50745A9A244380E200BC74FB /* Roboto-Light.ttf */ = {isa = PBXFileReference; lastKnownFileType = file; path = "Roboto-Light.ttf"; sourceTree = "<group>"; };
		50745A9B244380E200BC74FB /* Roboto-BoldItalic.ttf */ = {isa = PBXFileReference; lastKnownFileType = file; path = "Roboto-BoldItalic.ttf"; sourceTree = "<group>"; };
		50745A9C244380E300BC74FB /* Roboto-Black.ttf */ = {isa = PBXFileReference; lastKnownFileType = file; path = "Roboto-Black.ttf"; sourceTree = "<group>"; };
		50745A9D244380E300BC74FB /* Roboto-Italic.ttf */ = {isa = PBXFileReference; lastKnownFileType = file; path = "Roboto-Italic.ttf"; sourceTree = "<group>"; };
		50745A9E244380E300BC74FB /* Roboto-LightItalic.ttf */ = {isa = PBXFileReference; lastKnownFileType = file; path = "Roboto-LightItalic.ttf"; sourceTree = "<group>"; };
		50745A9F244380E300BC74FB /* Roboto-MediumItalic.ttf */ = {isa = PBXFileReference; lastKnownFileType = file; path = "Roboto-MediumItalic.ttf"; sourceTree = "<group>"; };
		50745AA0244380E300BC74FB /* Roboto-Bold.ttf */ = {isa = PBXFileReference; lastKnownFileType = file; path = "Roboto-Bold.ttf"; sourceTree = "<group>"; };
		50745AA1244380E300BC74FB /* Roboto-Regular.ttf */ = {isa = PBXFileReference; lastKnownFileType = file; path = "Roboto-Regular.ttf"; sourceTree = "<group>"; };
		50745AA2244380E300BC74FB /* Roboto-Thin.ttf */ = {isa = PBXFileReference; lastKnownFileType = file; path = "Roboto-Thin.ttf"; sourceTree = "<group>"; };
		50745AA3244380E300BC74FB /* Roboto-ThinItalic.ttf */ = {isa = PBXFileReference; lastKnownFileType = file; path = "Roboto-ThinItalic.ttf"; sourceTree = "<group>"; };
		50745AA4244380E300BC74FB /* Roboto-BlackItalic.ttf */ = {isa = PBXFileReference; lastKnownFileType = file; path = "Roboto-BlackItalic.ttf"; sourceTree = "<group>"; };
		50745AA5244380E400BC74FB /* Roboto-Medium.ttf */ = {isa = PBXFileReference; lastKnownFileType = file; path = "Roboto-Medium.ttf"; sourceTree = "<group>"; };
		50745AB2244380EA00BC74FB /* Theme.swift */ = {isa = PBXFileReference; lastKnownFileType = sourcecode.swift; path = Theme.swift; sourceTree = "<group>"; };
		50745AB42443813300BC74FB /* FontExtension.swift */ = {isa = PBXFileReference; lastKnownFileType = sourcecode.swift; path = FontExtension.swift; sourceTree = "<group>"; };
		50745AB72443819C00BC74FB /* NSObject.swift */ = {isa = PBXFileReference; lastKnownFileType = sourcecode.swift; path = NSObject.swift; sourceTree = "<group>"; };
		509A48AD244B732A0089E39F /* UICollectionView.swift */ = {isa = PBXFileReference; lastKnownFileType = sourcecode.swift; path = UICollectionView.swift; sourceTree = "<group>"; };
		509A48B1244B87C80089E39F /* HTTPStatusCode.swift */ = {isa = PBXFileReference; lastKnownFileType = sourcecode.swift; path = HTTPStatusCode.swift; sourceTree = "<group>"; };
		509A48B3244B87ED0089E39F /* ResponseDataFactory.swift */ = {isa = PBXFileReference; lastKnownFileType = sourcecode.swift; path = ResponseDataFactory.swift; sourceTree = "<group>"; };
		509A48B5244B88110089E39F /* LocalServer.swift */ = {isa = PBXFileReference; lastKnownFileType = sourcecode.swift; path = LocalServer.swift; sourceTree = "<group>"; };
		50B9299B2447DBB500299CC0 /* Notification.swift */ = {isa = PBXFileReference; lastKnownFileType = sourcecode.swift; path = Notification.swift; sourceTree = "<group>"; };
		50B9299D2447E53C00299CC0 /* UIImageView.swift */ = {isa = PBXFileReference; lastKnownFileType = sourcecode.swift; path = UIImageView.swift; sourceTree = "<group>"; };
		50CCA3532452E839001D2761 /* Array.swift */ = {isa = PBXFileReference; lastKnownFileType = sourcecode.swift; path = Array.swift; sourceTree = "<group>"; };
		50CCA3552453066D001D2761 /* UIView.swift */ = {isa = PBXFileReference; lastKnownFileType = sourcecode.swift; path = UIView.swift; sourceTree = "<group>"; };
		50FCC4D92443859100B62E98 /* DefaultTheme.swift */ = {isa = PBXFileReference; lastKnownFileType = sourcecode.swift; path = DefaultTheme.swift; sourceTree = "<group>"; };
		50FCC4DB244385C100B62E98 /* AppearenceProxyManager.swift */ = {isa = PBXFileReference; lastKnownFileType = sourcecode.swift; path = AppearenceProxyManager.swift; sourceTree = "<group>"; };
		50FCC4DE24438B1900B62E98 /* UILabel.swift */ = {isa = PBXFileReference; lastKnownFileType = sourcecode.swift; path = UILabel.swift; sourceTree = "<group>"; };
		50FCC4E024438B8500B62E98 /* UIWindow.swift */ = {isa = PBXFileReference; lastKnownFileType = sourcecode.swift; path = UIWindow.swift; sourceTree = "<group>"; };
		50FCC4E32443C15600B62E98 /* EpisodesTableViewCell.swift */ = {isa = PBXFileReference; lastKnownFileType = sourcecode.swift; path = EpisodesTableViewCell.swift; sourceTree = "<group>"; };
		50FCC4E42443C15600B62E98 /* EpisodesTableViewCell.xib */ = {isa = PBXFileReference; lastKnownFileType = file.xib; path = EpisodesTableViewCell.xib; sourceTree = "<group>"; };
		50FCC4E92443C1DD00B62E98 /* CategoriesCollectionViewCell.swift */ = {isa = PBXFileReference; lastKnownFileType = sourcecode.swift; path = CategoriesCollectionViewCell.swift; sourceTree = "<group>"; };
		50FCC4EA2443C1DD00B62E98 /* CategoriesCollectionViewCell.xib */ = {isa = PBXFileReference; lastKnownFileType = file.xib; path = CategoriesCollectionViewCell.xib; sourceTree = "<group>"; };
		50FCC4ED2443C2C800B62E98 /* SharedTableViewCell.swift */ = {isa = PBXFileReference; lastKnownFileType = sourcecode.swift; path = SharedTableViewCell.swift; sourceTree = "<group>"; };
		50FCC4F02443C36400B62E98 /* MediaCollectionViewCell.swift */ = {isa = PBXFileReference; lastKnownFileType = sourcecode.swift; path = MediaCollectionViewCell.swift; sourceTree = "<group>"; };
		50FCC4F12443C36400B62E98 /* MediaCollectionViewCell.xib */ = {isa = PBXFileReference; lastKnownFileType = file.xib; path = MediaCollectionViewCell.xib; sourceTree = "<group>"; };
		50FCC4F52443CC0300B62E98 /* ChannelsTableViewCell.swift */ = {isa = PBXFileReference; lastKnownFileType = sourcecode.swift; path = ChannelsTableViewCell.swift; sourceTree = "<group>"; };
		50FCC4F62443CC0300B62E98 /* ChannelsTableViewCell.xib */ = {isa = PBXFileReference; lastKnownFileType = file.xib; path = ChannelsTableViewCell.xib; sourceTree = "<group>"; };
		8879B6EC618DE6D0A3B64D90 /* Pods-MindValleyTaskTests.release.xcconfig */ = {isa = PBXFileReference; includeInIndex = 1; lastKnownFileType = text.xcconfig; name = "Pods-MindValleyTaskTests.release.xcconfig"; path = "Target Support Files/Pods-MindValleyTaskTests/Pods-MindValleyTaskTests.release.xcconfig"; sourceTree = "<group>"; };
		8C7AF0ABDEBE952477654D67 /* Pods_MindValleyTask_MindValleyTaskUITests.framework */ = {isa = PBXFileReference; explicitFileType = wrapper.framework; includeInIndex = 0; path = Pods_MindValleyTask_MindValleyTaskUITests.framework; sourceTree = BUILT_PRODUCTS_DIR; };
		9E471CA35D6DA95508F4A8E9 /* Pods-MindValleyTask.release.xcconfig */ = {isa = PBXFileReference; includeInIndex = 1; lastKnownFileType = text.xcconfig; name = "Pods-MindValleyTask.release.xcconfig"; path = "Target Support Files/Pods-MindValleyTask/Pods-MindValleyTask.release.xcconfig"; sourceTree = "<group>"; };
		CE71920039B9DF9CA2197741 /* Pods_MindValleyTask.framework */ = {isa = PBXFileReference; explicitFileType = wrapper.framework; includeInIndex = 0; path = Pods_MindValleyTask.framework; sourceTree = BUILT_PRODUCTS_DIR; };
		EBCF8BE955607464E4688E79 /* Pods_MindValleyTaskTests.framework */ = {isa = PBXFileReference; explicitFileType = wrapper.framework; includeInIndex = 0; path = Pods_MindValleyTaskTests.framework; sourceTree = BUILT_PRODUCTS_DIR; };
/* End PBXFileReference section */

/* Begin PBXFrameworksBuildPhase section */
		506146C12442333E00A78409 /* Frameworks */ = {
			isa = PBXFrameworksBuildPhase;
			buildActionMask = 2147483647;
			files = (
				1C696427F60AED4E8549356D /* Pods_MindValleyTask.framework in Frameworks */,
			);
			runOnlyForDeploymentPostprocessing = 0;
		};
		506146D72442334900A78409 /* Frameworks */ = {
			isa = PBXFrameworksBuildPhase;
			buildActionMask = 2147483647;
			files = (
				24ADCBF749B7B7839199844E /* Pods_MindValleyTaskTests.framework in Frameworks */,
			);
			runOnlyForDeploymentPostprocessing = 0;
		};
		506146E22442334900A78409 /* Frameworks */ = {
			isa = PBXFrameworksBuildPhase;
			buildActionMask = 2147483647;
			files = (
				9D02EEA1118BDD4005259EAF /* Pods_MindValleyTask_MindValleyTaskUITests.framework in Frameworks */,
			);
			runOnlyForDeploymentPostprocessing = 0;
		};
/* End PBXFrameworksBuildPhase section */

/* Begin PBXGroup section */
		3BC94255DC6B3B0579B321A8 /* Pods */ = {
			isa = PBXGroup;
			children = (
				40AD829D4A49AA8D02BDA236 /* Pods-MindValleyTask.debug.xcconfig */,
				9E471CA35D6DA95508F4A8E9 /* Pods-MindValleyTask.release.xcconfig */,
				4390A2480D03B917F248D149 /* Pods-MindValleyTask-MindValleyTaskUITests.debug.xcconfig */,
				13132F21520DB9711EB1BB4F /* Pods-MindValleyTask-MindValleyTaskUITests.release.xcconfig */,
				23E4EE2F0935E791005E8158 /* Pods-MindValleyTaskTests.debug.xcconfig */,
				8879B6EC618DE6D0A3B64D90 /* Pods-MindValleyTaskTests.release.xcconfig */,
			);
			path = Pods;
			sourceTree = "<group>";
		};
		503A50C024508EE1003291C2 /* JsonFiles */ = {
			isa = PBXGroup;
			children = (
				503A50C324508F06003291C2 /* Categories.json */,
				503A50C124508F06003291C2 /* Channels.json */,
				503A50C224508F06003291C2 /* NewEpisodes.json */,
			);
			path = JsonFiles;
			sourceTree = "<group>";
		};
		506146BB2442333E00A78409 = {
			isa = PBXGroup;
			children = (
				506146C62442333E00A78409 /* MindValleyTask */,
				506146DD2442334900A78409 /* MindValleyTaskTests */,
				506146E82442334900A78409 /* MindValleyTaskUITests */,
				506146C52442333E00A78409 /* Products */,
				3BC94255DC6B3B0579B321A8 /* Pods */,
				64A14A529FA488ED09337488 /* Frameworks */,
			);
			sourceTree = "<group>";
		};
		506146C52442333E00A78409 /* Products */ = {
			isa = PBXGroup;
			children = (
				506146C42442333E00A78409 /* MindValleyTask.app */,
				506146DA2442334900A78409 /* MindValleyTaskTests.xctest */,
				506146E52442334900A78409 /* MindValleyTaskUITests.xctest */,
			);
			name = Products;
			sourceTree = "<group>";
		};
		506146C62442333E00A78409 /* MindValleyTask */ = {
			isa = PBXGroup;
			children = (
				5061471A24423F2600A78409 /* AppDelegate */,
				5061470A2442399700A78409 /* Shared */,
				506146F72442335F00A78409 /* Networking */,
				5061471F2442403C00A78409 /* Extensions */,
				5061470D24423A0C00A78409 /* Model */,
				5061471724423E7800A78409 /* View */,
				5061470E24423A1100A78409 /* ViewModel */,
				5061471B24423F4D00A78409 /* Controllers */,
				5061471E24423FDE00A78409 /* HelpingFiles */,
				506146D52442334900A78409 /* Info.plist */,
				506146CD2442333E00A78409 /* Main.storyboard */,
			);
			path = MindValleyTask;
			sourceTree = "<group>";
		};
		506146DD2442334900A78409 /* MindValleyTaskTests */ = {
			isa = PBXGroup;
			children = (
				509A48B0244B87B70089E39F /* Helper */,
				506146DE2442334900A78409 /* MindValleyTaskTests.swift */,
				506146E02442334900A78409 /* Info.plist */,
			);
			path = MindValleyTaskTests;
			sourceTree = "<group>";
		};
		506146E82442334900A78409 /* MindValleyTaskUITests */ = {
			isa = PBXGroup;
			children = (
				506146E92442334900A78409 /* MindValleyTaskUITests.swift */,
				506146EB2442334900A78409 /* Info.plist */,
			);
			path = MindValleyTaskUITests;
			sourceTree = "<group>";
		};
		506146F72442335F00A78409 /* Networking */ = {
			isa = PBXGroup;
			children = (
				506147002442379400A78409 /* API */,
				506146FD2442376200A78409 /* ErrorHandling */,
				506146FA2442374500A78409 /* Response */,
			);
			path = Networking;
			sourceTree = "<group>";
		};
		506146FA2442374500A78409 /* Response */ = {
			isa = PBXGroup;
			children = (
				506146FB2442374F00A78409 /* Base.swift */,
			);
			path = Response;
			sourceTree = "<group>";
		};
		506146FD2442376200A78409 /* ErrorHandling */ = {
			isa = PBXGroup;
			children = (
				506146FE2442377B00A78409 /* DefaultError.swift */,
			);
			path = ErrorHandling;
			sourceTree = "<group>";
		};
		506147002442379400A78409 /* API */ = {
			isa = PBXGroup;
			children = (
				50745A8D244378B800BC74FB /* API.swift */,
				50614701244237BC00A78409 /* Base */,
			);
			path = API;
			sourceTree = "<group>";
		};
		50614701244237BC00A78409 /* Base */ = {
			isa = PBXGroup;
			children = (
				50614702244237C900A78409 /* APIClient.swift */,
				50614704244237DA00A78409 /* JSONDecoder.swift */,
				506147062442381C00A78409 /* BaseNetwork.swift */,
				506147082442396A00A78409 /* BaseAPIClient.swift */,
			);
			path = Base;
			sourceTree = "<group>";
		};
		5061470A2442399700A78409 /* Shared */ = {
			isa = PBXGroup;
			children = (
				50745A98244380BC00BC74FB /* Theme */,
				5061470B244239A100A78409 /* SharedLogger.swift */,
				50745A8F2443796E00BC74FB /* Constants.swift */,
				50745A9124437AC500BC74FB /* AppTestShared.swift */,
				50FCC4DB244385C100B62E98 /* AppearenceProxyManager.swift */,
			);
			path = Shared;
			sourceTree = "<group>";
		};
		5061470D24423A0C00A78409 /* Model */ = {
			isa = PBXGroup;
			children = (
				5061470F24423A5D00A78409 /* Episodes.swift */,
				5061471124423B4000A78409 /* Categories.swift */,
				5061471324423C3100A78409 /* Channels.swift */,
				5061471524423C8400A78409 /* Shared.swift */,
			);
			path = Model;
			sourceTree = "<group>";
		};
		5061470E24423A1100A78409 /* ViewModel */ = {
			isa = PBXGroup;
			children = (
				506147232442410000A78409 /* ChannelViewModel.swift */,
			);
			path = ViewModel;
			sourceTree = "<group>";
		};
		5061471724423E7800A78409 /* View */ = {
			isa = PBXGroup;
			children = (
				50FCC4DD24438B1000B62E98 /* UILabel */,
				5061471824423E7E00A78409 /* Cells */,
			);
			path = View;
			sourceTree = "<group>";
		};
		5061471824423E7E00A78409 /* Cells */ = {
			isa = PBXGroup;
			children = (
				5061471924423E9400A78409 /* TableView */,
				50FCC4E72443C1B300B62E98 /* CollectionView */,
			);
			path = Cells;
			sourceTree = "<group>";
		};
		5061471924423E9400A78409 /* TableView */ = {
			isa = PBXGroup;
			children = (
				50FCC4ED2443C2C800B62E98 /* SharedTableViewCell.swift */,
				50FCC4E22443C14000B62E98 /* EpisodedTableViewCell */,
				50FCC4F42443CBDE00B62E98 /* ChannelsTableViewCell */,
				50745A9324437DC700BC74FB /* CategoriesTableViewCell */,
			);
			path = TableView;
			sourceTree = "<group>";
		};
		5061471A24423F2600A78409 /* AppDelegate */ = {
			isa = PBXGroup;
			children = (
				506146C72442333E00A78409 /* AppDelegate.swift */,
				506146C92442333E00A78409 /* SceneDelegate.swift */,
			);
			path = AppDelegate;
			sourceTree = "<group>";
		};
		5061471B24423F4D00A78409 /* Controllers */ = {
			isa = PBXGroup;
			children = (
				5061471C24423FD800A78409 /* ChannelVC.swift */,
			);
			path = Controllers;
			sourceTree = "<group>";
		};
		5061471E24423FDE00A78409 /* HelpingFiles */ = {
			isa = PBXGroup;
			children = (
				503A50C024508EE1003291C2 /* JsonFiles */,
				506146D02442334900A78409 /* Assets.xcassets */,
				506146D22442334900A78409 /* LaunchScreen.storyboard */,
				506146F82442339300A78409 /* README.md */,
			);
			path = HelpingFiles;
			sourceTree = "<group>";
		};
		5061471F2442403C00A78409 /* Extensions */ = {
			isa = PBXGroup;
			children = (
				50745AB62443819500BC74FB /* Foundation */,
				506147202442404900A78409 /* UIKit */,
			);
			path = Extensions;
			sourceTree = "<group>";
		};
		506147202442404900A78409 /* UIKit */ = {
			isa = PBXGroup;
			children = (
				506147212442405200A78409 /* UITableView.swift */,
				50FCC4E024438B8500B62E98 /* UIWindow.swift */,
				50B9299B2447DBB500299CC0 /* Notification.swift */,
				50B9299D2447E53C00299CC0 /* UIImageView.swift */,
				509A48AD244B732A0089E39F /* UICollectionView.swift */,
				50CCA3552453066D001D2761 /* UIView.swift */,
			);
			path = UIKit;
			sourceTree = "<group>";
		};
		50745A9324437DC700BC74FB /* CategoriesTableViewCell */ = {
			isa = PBXGroup;
			children = (
				50745A9424437DF000BC74FB /* CategoriesTableViewCell.swift */,
				50745A9524437DF000BC74FB /* CategoriesTableViewCell.xib */,
			);
			path = CategoriesTableViewCell;
			sourceTree = "<group>";
		};
		50745A98244380BC00BC74FB /* Theme */ = {
			isa = PBXGroup;
			children = (
				50745A99244380C400BC74FB /* Roboto */,
				50745AB2244380EA00BC74FB /* Theme.swift */,
				50745AB42443813300BC74FB /* FontExtension.swift */,
				50FCC4D92443859100B62E98 /* DefaultTheme.swift */,
			);
			path = Theme;
			sourceTree = "<group>";
		};
		50745A99244380C400BC74FB /* Roboto */ = {
			isa = PBXGroup;
			children = (
				50745A9C244380E300BC74FB /* Roboto-Black.ttf */,
				50745AA4244380E300BC74FB /* Roboto-BlackItalic.ttf */,
				50745AA0244380E300BC74FB /* Roboto-Bold.ttf */,
				50745A9B244380E200BC74FB /* Roboto-BoldItalic.ttf */,
				50745A9D244380E300BC74FB /* Roboto-Italic.ttf */,
				50745A9A244380E200BC74FB /* Roboto-Light.ttf */,
				50745A9E244380E300BC74FB /* Roboto-LightItalic.ttf */,
				50745AA5244380E400BC74FB /* Roboto-Medium.ttf */,
				50745A9F244380E300BC74FB /* Roboto-MediumItalic.ttf */,
				50745AA1244380E300BC74FB /* Roboto-Regular.ttf */,
				50745AA2244380E300BC74FB /* Roboto-Thin.ttf */,
				50745AA3244380E300BC74FB /* Roboto-ThinItalic.ttf */,
			);
			path = Roboto;
			sourceTree = "<group>";
		};
		50745AB62443819500BC74FB /* Foundation */ = {
			isa = PBXGroup;
			children = (
				50745AB72443819C00BC74FB /* NSObject.swift */,
				50CCA3532452E839001D2761 /* Array.swift */,
			);
			path = Foundation;
			sourceTree = "<group>";
		};
		509A48B0244B87B70089E39F /* Helper */ = {
			isa = PBXGroup;
			children = (
				509A48B1244B87C80089E39F /* HTTPStatusCode.swift */,
				509A48B3244B87ED0089E39F /* ResponseDataFactory.swift */,
				509A48B5244B88110089E39F /* LocalServer.swift */,
			);
			path = Helper;
			sourceTree = "<group>";
		};
		50FCC4DD24438B1000B62E98 /* UILabel */ = {
			isa = PBXGroup;
			children = (
				50FCC4DE24438B1900B62E98 /* UILabel.swift */,
			);
			path = UILabel;
			sourceTree = "<group>";
		};
		50FCC4E22443C14000B62E98 /* EpisodedTableViewCell */ = {
			isa = PBXGroup;
			children = (
				50FCC4E32443C15600B62E98 /* EpisodesTableViewCell.swift */,
				50FCC4E42443C15600B62E98 /* EpisodesTableViewCell.xib */,
			);
			path = EpisodedTableViewCell;
			sourceTree = "<group>";
		};
		50FCC4E72443C1B300B62E98 /* CollectionView */ = {
			isa = PBXGroup;
			children = (
				50FCC4EF2443C34E00B62E98 /* EpisodesCollectionViewCell */,
				50FCC4E82443C1B900B62E98 /* CategoriesCollectionViewCell */,
			);
			path = CollectionView;
			sourceTree = "<group>";
		};
		50FCC4E82443C1B900B62E98 /* CategoriesCollectionViewCell */ = {
			isa = PBXGroup;
			children = (
				50FCC4E92443C1DD00B62E98 /* CategoriesCollectionViewCell.swift */,
				50FCC4EA2443C1DD00B62E98 /* CategoriesCollectionViewCell.xib */,
			);
			path = CategoriesCollectionViewCell;
			sourceTree = "<group>";
		};
		50FCC4EF2443C34E00B62E98 /* EpisodesCollectionViewCell */ = {
			isa = PBXGroup;
			children = (
				50FCC4F02443C36400B62E98 /* MediaCollectionViewCell.swift */,
				50FCC4F12443C36400B62E98 /* MediaCollectionViewCell.xib */,
			);
			path = EpisodesCollectionViewCell;
			sourceTree = "<group>";
		};
		50FCC4F42443CBDE00B62E98 /* ChannelsTableViewCell */ = {
			isa = PBXGroup;
			children = (
				50FCC4F52443CC0300B62E98 /* ChannelsTableViewCell.swift */,
				50FCC4F62443CC0300B62E98 /* ChannelsTableViewCell.xib */,
			);
			path = ChannelsTableViewCell;
			sourceTree = "<group>";
		};
		64A14A529FA488ED09337488 /* Frameworks */ = {
			isa = PBXGroup;
			children = (
				CE71920039B9DF9CA2197741 /* Pods_MindValleyTask.framework */,
				8C7AF0ABDEBE952477654D67 /* Pods_MindValleyTask_MindValleyTaskUITests.framework */,
				EBCF8BE955607464E4688E79 /* Pods_MindValleyTaskTests.framework */,
			);
			name = Frameworks;
			sourceTree = "<group>";
		};
/* End PBXGroup section */

/* Begin PBXNativeTarget section */
		506146C32442333E00A78409 /* MindValleyTask */ = {
			isa = PBXNativeTarget;
			buildConfigurationList = 506146EE2442334900A78409 /* Build configuration list for PBXNativeTarget "MindValleyTask" */;
			buildPhases = (
				FD3DD7515362894E60F9CFD1 /* [CP] Check Pods Manifest.lock */,
				506146C02442333E00A78409 /* Sources */,
				506146C12442333E00A78409 /* Frameworks */,
				506146C22442333E00A78409 /* Resources */,
				4969943A671D2E50173D076A /* [CP] Embed Pods Frameworks */,
			);
			buildRules = (
			);
			dependencies = (
			);
			name = MindValleyTask;
			productName = MindValleyTask;
			productReference = 506146C42442333E00A78409 /* MindValleyTask.app */;
			productType = "com.apple.product-type.application";
		};
		506146D92442334900A78409 /* MindValleyTaskTests */ = {
			isa = PBXNativeTarget;
			buildConfigurationList = 506146F12442334900A78409 /* Build configuration list for PBXNativeTarget "MindValleyTaskTests" */;
			buildPhases = (
				EB7DCB513DC104E55CE94EB5 /* [CP] Check Pods Manifest.lock */,
				506146D62442334900A78409 /* Sources */,
				506146D72442334900A78409 /* Frameworks */,
				506146D82442334900A78409 /* Resources */,
				2B26C5E48443BA34A0A60B88 /* [CP] Embed Pods Frameworks */,
			);
			buildRules = (
			);
			dependencies = (
				506146DC2442334900A78409 /* PBXTargetDependency */,
			);
			name = MindValleyTaskTests;
			productName = MindValleyTaskTests;
			productReference = 506146DA2442334900A78409 /* MindValleyTaskTests.xctest */;
			productType = "com.apple.product-type.bundle.unit-test";
		};
		506146E42442334900A78409 /* MindValleyTaskUITests */ = {
			isa = PBXNativeTarget;
			buildConfigurationList = 506146F42442334900A78409 /* Build configuration list for PBXNativeTarget "MindValleyTaskUITests" */;
			buildPhases = (
				444ED752026C4D3FC1583535 /* [CP] Check Pods Manifest.lock */,
				506146E12442334900A78409 /* Sources */,
				506146E22442334900A78409 /* Frameworks */,
				506146E32442334900A78409 /* Resources */,
				D667867FFC4A7E553C4A0A09 /* [CP] Embed Pods Frameworks */,
			);
			buildRules = (
			);
			dependencies = (
				506146E72442334900A78409 /* PBXTargetDependency */,
			);
			name = MindValleyTaskUITests;
			productName = MindValleyTaskUITests;
			productReference = 506146E52442334900A78409 /* MindValleyTaskUITests.xctest */;
			productType = "com.apple.product-type.bundle.ui-testing";
		};
/* End PBXNativeTarget section */

/* Begin PBXProject section */
		506146BC2442333E00A78409 /* Project object */ = {
			isa = PBXProject;
			attributes = {
				LastSwiftUpdateCheck = 1140;
				LastUpgradeCheck = 1140;
				ORGANIZATIONNAME = Usama;
				TargetAttributes = {
					506146C32442333E00A78409 = {
						CreatedOnToolsVersion = 11.4;
					};
					506146D92442334900A78409 = {
						CreatedOnToolsVersion = 11.4;
						TestTargetID = 506146C32442333E00A78409;
					};
					506146E42442334900A78409 = {
						CreatedOnToolsVersion = 11.4;
						TestTargetID = 506146C32442333E00A78409;
					};
				};
			};
			buildConfigurationList = 506146BF2442333E00A78409 /* Build configuration list for PBXProject "MindValleyTask" */;
			compatibilityVersion = "Xcode 9.3";
			developmentRegion = en;
			hasScannedForEncodings = 0;
			knownRegions = (
				en,
				Base,
			);
			mainGroup = 506146BB2442333E00A78409;
			productRefGroup = 506146C52442333E00A78409 /* Products */;
			projectDirPath = "";
			projectRoot = "";
			targets = (
				506146C32442333E00A78409 /* MindValleyTask */,
				506146D92442334900A78409 /* MindValleyTaskTests */,
				506146E42442334900A78409 /* MindValleyTaskUITests */,
			);
		};
/* End PBXProject section */

/* Begin PBXResourcesBuildPhase section */
		506146C22442333E00A78409 /* Resources */ = {
			isa = PBXResourcesBuildPhase;
			buildActionMask = 2147483647;
			files = (
				50745AAF244380E400BC74FB /* Roboto-ThinItalic.ttf in Resources */,
				50FCC4E62443C15600B62E98 /* EpisodesTableViewCell.xib in Resources */,
				50745AAE244380E400BC74FB /* Roboto-Thin.ttf in Resources */,
				506146D42442334900A78409 /* LaunchScreen.storyboard in Resources */,
				50745AB1244380E400BC74FB /* Roboto-Medium.ttf in Resources */,
				50745AA9244380E400BC74FB /* Roboto-Italic.ttf in Resources */,
				50FCC4F32443C36400B62E98 /* MediaCollectionViewCell.xib in Resources */,
				50745AAC244380E400BC74FB /* Roboto-Bold.ttf in Resources */,
				50FCC4F82443CC0300B62E98 /* ChannelsTableViewCell.xib in Resources */,
				50745AAA244380E400BC74FB /* Roboto-LightItalic.ttf in Resources */,
				506146D12442334900A78409 /* Assets.xcassets in Resources */,
				50745AB0244380E400BC74FB /* Roboto-BlackItalic.ttf in Resources */,
				50745AA6244380E400BC74FB /* Roboto-Light.ttf in Resources */,
				50FCC4EC2443C1DD00B62E98 /* CategoriesCollectionViewCell.xib in Resources */,
				50745AA8244380E400BC74FB /* Roboto-Black.ttf in Resources */,
				50745A9724437DF000BC74FB /* CategoriesTableViewCell.xib in Resources */,
				506146F92442339300A78409 /* README.md in Resources */,
				50745AA7244380E400BC74FB /* Roboto-BoldItalic.ttf in Resources */,
				50745AAD244380E400BC74FB /* Roboto-Regular.ttf in Resources */,
				503A50C424508F06003291C2 /* Channels.json in Resources */,
				50745AAB244380E400BC74FB /* Roboto-MediumItalic.ttf in Resources */,
				503A50C624508F06003291C2 /* Categories.json in Resources */,
				506146CF2442333E00A78409 /* Main.storyboard in Resources */,
				503A50C524508F06003291C2 /* NewEpisodes.json in Resources */,
			);
			runOnlyForDeploymentPostprocessing = 0;
		};
		506146D82442334900A78409 /* Resources */ = {
			isa = PBXResourcesBuildPhase;
			buildActionMask = 2147483647;
			files = (
			);
			runOnlyForDeploymentPostprocessing = 0;
		};
		506146E32442334900A78409 /* Resources */ = {
			isa = PBXResourcesBuildPhase;
			buildActionMask = 2147483647;
			files = (
			);
			runOnlyForDeploymentPostprocessing = 0;
		};
/* End PBXResourcesBuildPhase section */

/* Begin PBXShellScriptBuildPhase section */
		2B26C5E48443BA34A0A60B88 /* [CP] Embed Pods Frameworks */ = {
			isa = PBXShellScriptBuildPhase;
			buildActionMask = 2147483647;
			files = (
			);
			inputFileListPaths = (
				"${PODS_ROOT}/Target Support Files/Pods-MindValleyTaskTests/Pods-MindValleyTaskTests-frameworks-${CONFIGURATION}-input-files.xcfilelist",
			);
			name = "[CP] Embed Pods Frameworks";
			outputFileListPaths = (
				"${PODS_ROOT}/Target Support Files/Pods-MindValleyTaskTests/Pods-MindValleyTaskTests-frameworks-${CONFIGURATION}-output-files.xcfilelist",
			);
			runOnlyForDeploymentPostprocessing = 0;
			shellPath = /bin/sh;
			shellScript = "\"${PODS_ROOT}/Target Support Files/Pods-MindValleyTaskTests/Pods-MindValleyTaskTests-frameworks.sh\"\n";
			showEnvVarsInLog = 0;
		};
		444ED752026C4D3FC1583535 /* [CP] Check Pods Manifest.lock */ = {
			isa = PBXShellScriptBuildPhase;
			buildActionMask = 2147483647;
			files = (
			);
			inputFileListPaths = (
			);
			inputPaths = (
				"${PODS_PODFILE_DIR_PATH}/Podfile.lock",
				"${PODS_ROOT}/Manifest.lock",
			);
			name = "[CP] Check Pods Manifest.lock";
			outputFileListPaths = (
			);
			outputPaths = (
				"$(DERIVED_FILE_DIR)/Pods-MindValleyTask-MindValleyTaskUITests-checkManifestLockResult.txt",
			);
			runOnlyForDeploymentPostprocessing = 0;
			shellPath = /bin/sh;
			shellScript = "diff \"${PODS_PODFILE_DIR_PATH}/Podfile.lock\" \"${PODS_ROOT}/Manifest.lock\" > /dev/null\nif [ $? != 0 ] ; then\n    # print error to STDERR\n    echo \"error: The sandbox is not in sync with the Podfile.lock. Run 'pod install' or update your CocoaPods installation.\" >&2\n    exit 1\nfi\n# This output is used by Xcode 'outputs' to avoid re-running this script phase.\necho \"SUCCESS\" > \"${SCRIPT_OUTPUT_FILE_0}\"\n";
			showEnvVarsInLog = 0;
		};
		4969943A671D2E50173D076A /* [CP] Embed Pods Frameworks */ = {
			isa = PBXShellScriptBuildPhase;
			buildActionMask = 2147483647;
			files = (
			);
			inputFileListPaths = (
				"${PODS_ROOT}/Target Support Files/Pods-MindValleyTask/Pods-MindValleyTask-frameworks-${CONFIGURATION}-input-files.xcfilelist",
			);
			name = "[CP] Embed Pods Frameworks";
			outputFileListPaths = (
				"${PODS_ROOT}/Target Support Files/Pods-MindValleyTask/Pods-MindValleyTask-frameworks-${CONFIGURATION}-output-files.xcfilelist",
			);
			runOnlyForDeploymentPostprocessing = 0;
			shellPath = /bin/sh;
			shellScript = "\"${PODS_ROOT}/Target Support Files/Pods-MindValleyTask/Pods-MindValleyTask-frameworks.sh\"\n";
			showEnvVarsInLog = 0;
		};
		D667867FFC4A7E553C4A0A09 /* [CP] Embed Pods Frameworks */ = {
			isa = PBXShellScriptBuildPhase;
			buildActionMask = 2147483647;
			files = (
			);
			inputFileListPaths = (
				"${PODS_ROOT}/Target Support Files/Pods-MindValleyTask-MindValleyTaskUITests/Pods-MindValleyTask-MindValleyTaskUITests-frameworks-${CONFIGURATION}-input-files.xcfilelist",
			);
			name = "[CP] Embed Pods Frameworks";
			outputFileListPaths = (
				"${PODS_ROOT}/Target Support Files/Pods-MindValleyTask-MindValleyTaskUITests/Pods-MindValleyTask-MindValleyTaskUITests-frameworks-${CONFIGURATION}-output-files.xcfilelist",
			);
			runOnlyForDeploymentPostprocessing = 0;
			shellPath = /bin/sh;
			shellScript = "\"${PODS_ROOT}/Target Support Files/Pods-MindValleyTask-MindValleyTaskUITests/Pods-MindValleyTask-MindValleyTaskUITests-frameworks.sh\"\n";
			showEnvVarsInLog = 0;
		};
		EB7DCB513DC104E55CE94EB5 /* [CP] Check Pods Manifest.lock */ = {
			isa = PBXShellScriptBuildPhase;
			buildActionMask = 2147483647;
			files = (
			);
			inputFileListPaths = (
			);
			inputPaths = (
				"${PODS_PODFILE_DIR_PATH}/Podfile.lock",
				"${PODS_ROOT}/Manifest.lock",
			);
			name = "[CP] Check Pods Manifest.lock";
			outputFileListPaths = (
			);
			outputPaths = (
				"$(DERIVED_FILE_DIR)/Pods-MindValleyTaskTests-checkManifestLockResult.txt",
			);
			runOnlyForDeploymentPostprocessing = 0;
			shellPath = /bin/sh;
			shellScript = "diff \"${PODS_PODFILE_DIR_PATH}/Podfile.lock\" \"${PODS_ROOT}/Manifest.lock\" > /dev/null\nif [ $? != 0 ] ; then\n    # print error to STDERR\n    echo \"error: The sandbox is not in sync with the Podfile.lock. Run 'pod install' or update your CocoaPods installation.\" >&2\n    exit 1\nfi\n# This output is used by Xcode 'outputs' to avoid re-running this script phase.\necho \"SUCCESS\" > \"${SCRIPT_OUTPUT_FILE_0}\"\n";
			showEnvVarsInLog = 0;
		};
		FD3DD7515362894E60F9CFD1 /* [CP] Check Pods Manifest.lock */ = {
			isa = PBXShellScriptBuildPhase;
			buildActionMask = 2147483647;
			files = (
			);
			inputFileListPaths = (
			);
			inputPaths = (
				"${PODS_PODFILE_DIR_PATH}/Podfile.lock",
				"${PODS_ROOT}/Manifest.lock",
			);
			name = "[CP] Check Pods Manifest.lock";
			outputFileListPaths = (
			);
			outputPaths = (
				"$(DERIVED_FILE_DIR)/Pods-MindValleyTask-checkManifestLockResult.txt",
			);
			runOnlyForDeploymentPostprocessing = 0;
			shellPath = /bin/sh;
			shellScript = "diff \"${PODS_PODFILE_DIR_PATH}/Podfile.lock\" \"${PODS_ROOT}/Manifest.lock\" > /dev/null\nif [ $? != 0 ] ; then\n    # print error to STDERR\n    echo \"error: The sandbox is not in sync with the Podfile.lock. Run 'pod install' or update your CocoaPods installation.\" >&2\n    exit 1\nfi\n# This output is used by Xcode 'outputs' to avoid re-running this script phase.\necho \"SUCCESS\" > \"${SCRIPT_OUTPUT_FILE_0}\"\n";
			showEnvVarsInLog = 0;
		};
/* End PBXShellScriptBuildPhase section */

/* Begin PBXSourcesBuildPhase section */
		506146C02442333E00A78409 /* Sources */ = {
			isa = PBXSourcesBuildPhase;
			buildActionMask = 2147483647;
			files = (
				50FCC4E124438B8500B62E98 /* UIWindow.swift in Sources */,
				5061471624423C8400A78409 /* Shared.swift in Sources */,
				50FCC4F22443C36400B62E98 /* MediaCollectionViewCell.swift in Sources */,
				5061470C244239A100A78409 /* SharedLogger.swift in Sources */,
				50CCA3562453066D001D2761 /* UIView.swift in Sources */,
				506147222442405200A78409 /* UITableView.swift in Sources */,
				50FCC4F72443CC0300B62E98 /* ChannelsTableViewCell.swift in Sources */,
				50745A9224437AC500BC74FB /* AppTestShared.swift in Sources */,
				50FCC4DC244385C100B62E98 /* AppearenceProxyManager.swift in Sources */,
				50B9299C2447DBB500299CC0 /* Notification.swift in Sources */,
				50CCA3542452E839001D2761 /* Array.swift in Sources */,
				506146FF2442377B00A78409 /* DefaultError.swift in Sources */,
				506147072442381C00A78409 /* BaseNetwork.swift in Sources */,
				50FCC4EB2443C1DD00B62E98 /* CategoriesCollectionViewCell.swift in Sources */,
				50745AB82443819C00BC74FB /* NSObject.swift in Sources */,
				50745AB3244380EA00BC74FB /* Theme.swift in Sources */,
				506146FC2442374F00A78409 /* Base.swift in Sources */,
				506147242442410000A78409 /* ChannelViewModel.swift in Sources */,
				5061471224423B4000A78409 /* Categories.swift in Sources */,
				50745A9624437DF000BC74FB /* CategoriesTableViewCell.swift in Sources */,
				5061471D24423FD800A78409 /* ChannelVC.swift in Sources */,
				506146C82442333E00A78409 /* AppDelegate.swift in Sources */,
				5061471424423C3100A78409 /* Channels.swift in Sources */,
				506146CA2442333E00A78409 /* SceneDelegate.swift in Sources */,
				50614703244237C900A78409 /* APIClient.swift in Sources */,
				50FCC4EE2443C2C800B62E98 /* SharedTableViewCell.swift in Sources */,
				50FCC4DF24438B1900B62E98 /* UILabel.swift in Sources */,
				50614705244237DA00A78409 /* JSONDecoder.swift in Sources */,
				50FCC4E52443C15600B62E98 /* EpisodesTableViewCell.swift in Sources */,
				5061471024423A5D00A78409 /* Episodes.swift in Sources */,
				50745A8E244378B800BC74FB /* API.swift in Sources */,
				506147092442396A00A78409 /* BaseAPIClient.swift in Sources */,
				509A48AE244B732A0089E39F /* UICollectionView.swift in Sources */,
				50FCC4DA2443859100B62E98 /* DefaultTheme.swift in Sources */,
				50745AB52443813300BC74FB /* FontExtension.swift in Sources */,
				50B9299E2447E53C00299CC0 /* UIImageView.swift in Sources */,
				50745A902443796E00BC74FB /* Constants.swift in Sources */,
			);
			runOnlyForDeploymentPostprocessing = 0;
		};
		506146D62442334900A78409 /* Sources */ = {
			isa = PBXSourcesBuildPhase;
			buildActionMask = 2147483647;
			files = (
				509A48B4244B87ED0089E39F /* ResponseDataFactory.swift in Sources */,
				509A48B2244B87C80089E39F /* HTTPStatusCode.swift in Sources */,
				509A48B6244B88110089E39F /* LocalServer.swift in Sources */,
				506146DF2442334900A78409 /* MindValleyTaskTests.swift in Sources */,
			);
			runOnlyForDeploymentPostprocessing = 0;
		};
		506146E12442334900A78409 /* Sources */ = {
			isa = PBXSourcesBuildPhase;
			buildActionMask = 2147483647;
			files = (
				506146EA2442334900A78409 /* MindValleyTaskUITests.swift in Sources */,
			);
			runOnlyForDeploymentPostprocessing = 0;
		};
/* End PBXSourcesBuildPhase section */

/* Begin PBXTargetDependency section */
		506146DC2442334900A78409 /* PBXTargetDependency */ = {
			isa = PBXTargetDependency;
			target = 506146C32442333E00A78409 /* MindValleyTask */;
			targetProxy = 506146DB2442334900A78409 /* PBXContainerItemProxy */;
		};
		506146E72442334900A78409 /* PBXTargetDependency */ = {
			isa = PBXTargetDependency;
			target = 506146C32442333E00A78409 /* MindValleyTask */;
			targetProxy = 506146E62442334900A78409 /* PBXContainerItemProxy */;
		};
/* End PBXTargetDependency section */

/* Begin PBXVariantGroup section */
		506146CD2442333E00A78409 /* Main.storyboard */ = {
			isa = PBXVariantGroup;
			children = (
				506146CE2442333E00A78409 /* Base */,
			);
			name = Main.storyboard;
			sourceTree = "<group>";
		};
		506146D22442334900A78409 /* LaunchScreen.storyboard */ = {
			isa = PBXVariantGroup;
			children = (
				506146D32442334900A78409 /* Base */,
			);
			name = LaunchScreen.storyboard;
			sourceTree = "<group>";
		};
/* End PBXVariantGroup section */

/* Begin XCBuildConfiguration section */
		506146EC2442334900A78409 /* Debug */ = {
			isa = XCBuildConfiguration;
			buildSettings = {
				ALWAYS_SEARCH_USER_PATHS = NO;
				CLANG_ANALYZER_NONNULL = YES;
				CLANG_ANALYZER_NUMBER_OBJECT_CONVERSION = YES_AGGRESSIVE;
				CLANG_CXX_LANGUAGE_STANDARD = "gnu++14";
				CLANG_CXX_LIBRARY = "libc++";
				CLANG_ENABLE_MODULES = YES;
				CLANG_ENABLE_OBJC_ARC = YES;
				CLANG_ENABLE_OBJC_WEAK = YES;
				CLANG_WARN_BLOCK_CAPTURE_AUTORELEASING = YES;
				CLANG_WARN_BOOL_CONVERSION = YES;
				CLANG_WARN_COMMA = YES;
				CLANG_WARN_CONSTANT_CONVERSION = YES;
				CLANG_WARN_DEPRECATED_OBJC_IMPLEMENTATIONS = YES;
				CLANG_WARN_DIRECT_OBJC_ISA_USAGE = YES_ERROR;
				CLANG_WARN_DOCUMENTATION_COMMENTS = YES;
				CLANG_WARN_EMPTY_BODY = YES;
				CLANG_WARN_ENUM_CONVERSION = YES;
				CLANG_WARN_INFINITE_RECURSION = YES;
				CLANG_WARN_INT_CONVERSION = YES;
				CLANG_WARN_NON_LITERAL_NULL_CONVERSION = YES;
				CLANG_WARN_OBJC_IMPLICIT_RETAIN_SELF = YES;
				CLANG_WARN_OBJC_LITERAL_CONVERSION = YES;
				CLANG_WARN_OBJC_ROOT_CLASS = YES_ERROR;
				CLANG_WARN_RANGE_LOOP_ANALYSIS = YES;
				CLANG_WARN_STRICT_PROTOTYPES = YES;
				CLANG_WARN_SUSPICIOUS_MOVE = YES;
				CLANG_WARN_UNGUARDED_AVAILABILITY = YES_AGGRESSIVE;
				CLANG_WARN_UNREACHABLE_CODE = YES;
				CLANG_WARN__DUPLICATE_METHOD_MATCH = YES;
				COPY_PHASE_STRIP = NO;
				DEBUG_INFORMATION_FORMAT = dwarf;
				ENABLE_STRICT_OBJC_MSGSEND = YES;
				ENABLE_TESTABILITY = YES;
				GCC_C_LANGUAGE_STANDARD = gnu11;
				GCC_DYNAMIC_NO_PIC = NO;
				GCC_NO_COMMON_BLOCKS = YES;
				GCC_OPTIMIZATION_LEVEL = 0;
				GCC_PREPROCESSOR_DEFINITIONS = (
					"DEBUG=1",
					"$(inherited)",
				);
				GCC_WARN_64_TO_32_BIT_CONVERSION = YES;
				GCC_WARN_ABOUT_RETURN_TYPE = YES_ERROR;
				GCC_WARN_UNDECLARED_SELECTOR = YES;
				GCC_WARN_UNINITIALIZED_AUTOS = YES_AGGRESSIVE;
				GCC_WARN_UNUSED_FUNCTION = YES;
				GCC_WARN_UNUSED_VARIABLE = YES;
				IPHONEOS_DEPLOYMENT_TARGET = 13.4;
				MTL_ENABLE_DEBUG_INFO = INCLUDE_SOURCE;
				MTL_FAST_MATH = YES;
				ONLY_ACTIVE_ARCH = YES;
				SDKROOT = iphoneos;
				SWIFT_ACTIVE_COMPILATION_CONDITIONS = DEBUG;
				SWIFT_OPTIMIZATION_LEVEL = "-Onone";
			};
			name = Debug;
		};
		506146ED2442334900A78409 /* Release */ = {
			isa = XCBuildConfiguration;
			buildSettings = {
				ALWAYS_SEARCH_USER_PATHS = NO;
				CLANG_ANALYZER_NONNULL = YES;
				CLANG_ANALYZER_NUMBER_OBJECT_CONVERSION = YES_AGGRESSIVE;
				CLANG_CXX_LANGUAGE_STANDARD = "gnu++14";
				CLANG_CXX_LIBRARY = "libc++";
				CLANG_ENABLE_MODULES = YES;
				CLANG_ENABLE_OBJC_ARC = YES;
				CLANG_ENABLE_OBJC_WEAK = YES;
				CLANG_WARN_BLOCK_CAPTURE_AUTORELEASING = YES;
				CLANG_WARN_BOOL_CONVERSION = YES;
				CLANG_WARN_COMMA = YES;
				CLANG_WARN_CONSTANT_CONVERSION = YES;
				CLANG_WARN_DEPRECATED_OBJC_IMPLEMENTATIONS = YES;
				CLANG_WARN_DIRECT_OBJC_ISA_USAGE = YES_ERROR;
				CLANG_WARN_DOCUMENTATION_COMMENTS = YES;
				CLANG_WARN_EMPTY_BODY = YES;
				CLANG_WARN_ENUM_CONVERSION = YES;
				CLANG_WARN_INFINITE_RECURSION = YES;
				CLANG_WARN_INT_CONVERSION = YES;
				CLANG_WARN_NON_LITERAL_NULL_CONVERSION = YES;
				CLANG_WARN_OBJC_IMPLICIT_RETAIN_SELF = YES;
				CLANG_WARN_OBJC_LITERAL_CONVERSION = YES;
				CLANG_WARN_OBJC_ROOT_CLASS = YES_ERROR;
				CLANG_WARN_RANGE_LOOP_ANALYSIS = YES;
				CLANG_WARN_STRICT_PROTOTYPES = YES;
				CLANG_WARN_SUSPICIOUS_MOVE = YES;
				CLANG_WARN_UNGUARDED_AVAILABILITY = YES_AGGRESSIVE;
				CLANG_WARN_UNREACHABLE_CODE = YES;
				CLANG_WARN__DUPLICATE_METHOD_MATCH = YES;
				COPY_PHASE_STRIP = NO;
				DEBUG_INFORMATION_FORMAT = "dwarf-with-dsym";
				ENABLE_NS_ASSERTIONS = NO;
				ENABLE_STRICT_OBJC_MSGSEND = YES;
				GCC_C_LANGUAGE_STANDARD = gnu11;
				GCC_NO_COMMON_BLOCKS = YES;
				GCC_WARN_64_TO_32_BIT_CONVERSION = YES;
				GCC_WARN_ABOUT_RETURN_TYPE = YES_ERROR;
				GCC_WARN_UNDECLARED_SELECTOR = YES;
				GCC_WARN_UNINITIALIZED_AUTOS = YES_AGGRESSIVE;
				GCC_WARN_UNUSED_FUNCTION = YES;
				GCC_WARN_UNUSED_VARIABLE = YES;
				IPHONEOS_DEPLOYMENT_TARGET = 13.4;
				MTL_ENABLE_DEBUG_INFO = NO;
				MTL_FAST_MATH = YES;
				SDKROOT = iphoneos;
				SWIFT_COMPILATION_MODE = wholemodule;
				SWIFT_OPTIMIZATION_LEVEL = "-O";
				VALIDATE_PRODUCT = YES;
			};
			name = Release;
		};
		506146EF2442334900A78409 /* Debug */ = {
			isa = XCBuildConfiguration;
			baseConfigurationReference = 40AD829D4A49AA8D02BDA236 /* Pods-MindValleyTask.debug.xcconfig */;
			buildSettings = {
				ASSETCATALOG_COMPILER_APPICON_NAME = AppIcon;
				CODE_SIGN_STYLE = Automatic;
				INFOPLIST_FILE = MindValleyTask/Info.plist;
				LD_RUNPATH_SEARCH_PATHS = (
					"$(inherited)",
					"@executable_path/Frameworks",
				);
				PRODUCT_BUNDLE_IDENTIFIER = com.usama.MindValleyTask;
				PRODUCT_NAME = "$(TARGET_NAME)";
				SWIFT_VERSION = 5.0;
				TARGETED_DEVICE_FAMILY = "1,2";
			};
			name = Debug;
		};
		506146F02442334900A78409 /* Release */ = {
			isa = XCBuildConfiguration;
			baseConfigurationReference = 9E471CA35D6DA95508F4A8E9 /* Pods-MindValleyTask.release.xcconfig */;
			buildSettings = {
				ASSETCATALOG_COMPILER_APPICON_NAME = AppIcon;
				CODE_SIGN_STYLE = Automatic;
				INFOPLIST_FILE = MindValleyTask/Info.plist;
				LD_RUNPATH_SEARCH_PATHS = (
					"$(inherited)",
					"@executable_path/Frameworks",
				);
				PRODUCT_BUNDLE_IDENTIFIER = com.usama.MindValleyTask;
				PRODUCT_NAME = "$(TARGET_NAME)";
				SWIFT_VERSION = 5.0;
				TARGETED_DEVICE_FAMILY = "1,2";
			};
			name = Release;
		};
		506146F22442334900A78409 /* Debug */ = {
			isa = XCBuildConfiguration;
			baseConfigurationReference = 23E4EE2F0935E791005E8158 /* Pods-MindValleyTaskTests.debug.xcconfig */;
			buildSettings = {
				ALWAYS_EMBED_SWIFT_STANDARD_LIBRARIES = YES;
				BUNDLE_LOADER = "$(TEST_HOST)";
				CODE_SIGN_STYLE = Automatic;
				INFOPLIST_FILE = MindValleyTaskTests/Info.plist;
				IPHONEOS_DEPLOYMENT_TARGET = 13.4;
				LD_RUNPATH_SEARCH_PATHS = (
					"$(inherited)",
					"@executable_path/Frameworks",
					"@loader_path/Frameworks",
				);
				PRODUCT_BUNDLE_IDENTIFIER = com.usama.MindValleyTaskTests;
				PRODUCT_NAME = "$(TARGET_NAME)";
				SWIFT_VERSION = 5.0;
				TARGETED_DEVICE_FAMILY = "1,2";
				TEST_HOST = "$(BUILT_PRODUCTS_DIR)/MindValleyTask.app/MindValleyTask";
			};
			name = Debug;
		};
		506146F32442334900A78409 /* Release */ = {
			isa = XCBuildConfiguration;
			baseConfigurationReference = 8879B6EC618DE6D0A3B64D90 /* Pods-MindValleyTaskTests.release.xcconfig */;
			buildSettings = {
				ALWAYS_EMBED_SWIFT_STANDARD_LIBRARIES = YES;
				BUNDLE_LOADER = "$(TEST_HOST)";
				CODE_SIGN_STYLE = Automatic;
				INFOPLIST_FILE = MindValleyTaskTests/Info.plist;
				IPHONEOS_DEPLOYMENT_TARGET = 13.4;
				LD_RUNPATH_SEARCH_PATHS = (
					"$(inherited)",
					"@executable_path/Frameworks",
					"@loader_path/Frameworks",
				);
				PRODUCT_BUNDLE_IDENTIFIER = com.usama.MindValleyTaskTests;
				PRODUCT_NAME = "$(TARGET_NAME)";
				SWIFT_VERSION = 5.0;
				TARGETED_DEVICE_FAMILY = "1,2";
				TEST_HOST = "$(BUILT_PRODUCTS_DIR)/MindValleyTask.app/MindValleyTask";
			};
			name = Release;
		};
		506146F52442334900A78409 /* Debug */ = {
			isa = XCBuildConfiguration;
			baseConfigurationReference = 4390A2480D03B917F248D149 /* Pods-MindValleyTask-MindValleyTaskUITests.debug.xcconfig */;
			buildSettings = {
				ALWAYS_EMBED_SWIFT_STANDARD_LIBRARIES = YES;
				CODE_SIGN_STYLE = Automatic;
				INFOPLIST_FILE = MindValleyTaskUITests/Info.plist;
				LD_RUNPATH_SEARCH_PATHS = (
					"$(inherited)",
					"@executable_path/Frameworks",
					"@loader_path/Frameworks",
				);
				PRODUCT_BUNDLE_IDENTIFIER = com.usama.MindValleyTaskUITests;
				PRODUCT_NAME = "$(TARGET_NAME)";
				SWIFT_VERSION = 5.0;
				TARGETED_DEVICE_FAMILY = "1,2";
				TEST_TARGET_NAME = MindValleyTask;
			};
			name = Debug;
		};
		506146F62442334900A78409 /* Release */ = {
			isa = XCBuildConfiguration;
			baseConfigurationReference = 13132F21520DB9711EB1BB4F /* Pods-MindValleyTask-MindValleyTaskUITests.release.xcconfig */;
			buildSettings = {
				ALWAYS_EMBED_SWIFT_STANDARD_LIBRARIES = YES;
				CODE_SIGN_STYLE = Automatic;
				INFOPLIST_FILE = MindValleyTaskUITests/Info.plist;
				LD_RUNPATH_SEARCH_PATHS = (
					"$(inherited)",
					"@executable_path/Frameworks",
					"@loader_path/Frameworks",
				);
				PRODUCT_BUNDLE_IDENTIFIER = com.usama.MindValleyTaskUITests;
				PRODUCT_NAME = "$(TARGET_NAME)";
				SWIFT_VERSION = 5.0;
				TARGETED_DEVICE_FAMILY = "1,2";
				TEST_TARGET_NAME = MindValleyTask;
			};
			name = Release;
		};
/* End XCBuildConfiguration section */

/* Begin XCConfigurationList section */
		506146BF2442333E00A78409 /* Build configuration list for PBXProject "MindValleyTask" */ = {
			isa = XCConfigurationList;
			buildConfigurations = (
				506146EC2442334900A78409 /* Debug */,
				506146ED2442334900A78409 /* Release */,
			);
			defaultConfigurationIsVisible = 0;
			defaultConfigurationName = Release;
		};
		506146EE2442334900A78409 /* Build configuration list for PBXNativeTarget "MindValleyTask" */ = {
			isa = XCConfigurationList;
			buildConfigurations = (
				506146EF2442334900A78409 /* Debug */,
				506146F02442334900A78409 /* Release */,
			);
			defaultConfigurationIsVisible = 0;
			defaultConfigurationName = Release;
		};
		506146F12442334900A78409 /* Build configuration list for PBXNativeTarget "MindValleyTaskTests" */ = {
			isa = XCConfigurationList;
			buildConfigurations = (
				506146F22442334900A78409 /* Debug */,
				506146F32442334900A78409 /* Release */,
			);
			defaultConfigurationIsVisible = 0;
			defaultConfigurationName = Release;
		};
		506146F42442334900A78409 /* Build configuration list for PBXNativeTarget "MindValleyTaskUITests" */ = {
			isa = XCConfigurationList;
			buildConfigurations = (
				506146F52442334900A78409 /* Debug */,
				506146F62442334900A78409 /* Release */,
			);
			defaultConfigurationIsVisible = 0;
			defaultConfigurationName = Release;
		};
/* End XCConfigurationList section */
	};
	rootObject = 506146BC2442333E00A78409 /* Project object */;
}
